// !$*UTF8*$!
{
	archiveVersion = 1;
	classes = {
	};
	objectVersion = 60;
	objects = {

/* Begin PBXBuildFile section */
		7926847A2C25BD8000240A34 /* AlamofireDynamic in Embed Frameworks */ = {isa = PBXBuildFile; productRef = 795978152C22AD5E0025E573 /* AlamofireDynamic */; settings = {ATTRIBUTES = (CodeSignOnCopy, ); }; };
		7926847E2C25DC5C00240A34 /* LibraryData-Cache-Database in Frameworks */ = {isa = PBXBuildFile; productRef = 7926847D2C25DC5C00240A34 /* LibraryData-Cache-Database */; };
		792D7D942C27048300DB09DC /* LibraryData-Cache-News in Frameworks */ = {isa = PBXBuildFile; productRef = 792D7D932C27048300DB09DC /* LibraryData-Cache-News */; };
		795355C22C21C2D5005F0679 /* NewsApplication.swift in Sources */ = {isa = PBXBuildFile; fileRef = 795355C12C21C2D5005F0679 /* NewsApplication.swift */; };
		795355C62C21C2D6005F0679 /* Assets.xcassets in Resources */ = {isa = PBXBuildFile; fileRef = 795355C52C21C2D6005F0679 /* Assets.xcassets */; };
		795355C92C21C2D6005F0679 /* Preview Assets.xcassets in Resources */ = {isa = PBXBuildFile; fileRef = 795355C82C21C2D6005F0679 /* Preview Assets.xcassets */; };
		795978102C2299E70025E573 /* LibraryData-News in Frameworks */ = {isa = PBXBuildFile; productRef = 7959780F2C2299E70025E573 /* LibraryData-News */; };
		795978132C22A3CB0025E573 /* LibraryData-Remote-News in Frameworks */ = {isa = PBXBuildFile; productRef = 795978122C22A3CB0025E573 /* LibraryData-Remote-News */; };
		795978162C22AD5E0025E573 /* AlamofireDynamic in Frameworks */ = {isa = PBXBuildFile; productRef = 795978152C22AD5E0025E573 /* AlamofireDynamic */; };
		795978192C22ADE40025E573 /* LibraryData-Remote-Core in Frameworks */ = {isa = PBXBuildFile; productRef = 795978182C22ADE40025E573 /* LibraryData-Remote-Core */; };
		79611E972C2498ED0005A355 /* NewsView-Core in Frameworks */ = {isa = PBXBuildFile; productRef = 79611E962C2498ED0005A355 /* NewsView-Core */; };
		79611E9A2C249CC80005A355 /* PagingLibrary in Frameworks */ = {isa = PBXBuildFile; productRef = 79611E992C249CC80005A355 /* PagingLibrary */; };
		798F70082C245AED00FCD9AA /* LibraryDomain-Model-News in Frameworks */ = {isa = PBXBuildFile; productRef = 798F70072C245AED00FCD9AA /* LibraryDomain-Model-News */; };
		799911702C255E8400C1924B /* LibraryData-News in Frameworks */ = {isa = PBXBuildFile; productRef = 7999116F2C255E8400C1924B /* LibraryData-News */; };
		799911732C255EFB00C1924B /* LibraryData-News in Frameworks */ = {isa = PBXBuildFile; productRef = 799911722C255EFB00C1924B /* LibraryData-News */; };
		79A3C9752C2552D90088177A /* LibraryDomain-Model-Core in Frameworks */ = {isa = PBXBuildFile; productRef = 79A3C9742C2552D90088177A /* LibraryDomain-Model-Core */; };
		79A3C9782C2556380088177A /* Kingfisher in Frameworks */ = {isa = PBXBuildFile; productRef = 79A3C9772C2556380088177A /* Kingfisher */; };
		79A3C97A2C25579A0088177A /* LibraryData-News in Frameworks */ = {isa = PBXBuildFile; productRef = 79A3C9792C25579A0088177A /* LibraryData-News */; };
		79B340D82C21E39200A599C9 /* NewsView-Home in Frameworks */ = {isa = PBXBuildFile; productRef = 79B340D72C21E39200A599C9 /* NewsView-Home */; };
		79B340DB2C21E49500A599C9 /* NewsPresenter-Home in Frameworks */ = {isa = PBXBuildFile; productRef = 79B340DA2C21E49500A599C9 /* NewsPresenter-Home */; };
		79CD24FB2C2688D900D48342 /* RealmSwift in Frameworks */ = {isa = PBXBuildFile; productRef = 79CD24FA2C2688D900D48342 /* RealmSwift */; };
		79CD24FC2C269C2B00D48342 /* RealmSwift in Embed Frameworks */ = {isa = PBXBuildFile; productRef = 79CD24FA2C2688D900D48342 /* RealmSwift */; settings = {ATTRIBUTES = (CodeSignOnCopy, ); }; };
		79CD24FF2C26F8B400D48342 /* LibraryData-Cache-DatabaseNews in Frameworks */ = {isa = PBXBuildFile; productRef = 79CD24FE2C26F8B400D48342 /* LibraryData-Cache-DatabaseNews */; };
		79E16F482C24C16500F3FCC5 /* PagingLibrary in Frameworks */ = {isa = PBXBuildFile; productRef = 79E16F472C24C16500F3FCC5 /* PagingLibrary */; };
/* End PBXBuildFile section */

/* Begin PBXCopyFilesBuildPhase section */
		7926847B2C25BD8000240A34 /* Embed Frameworks */ = {
			isa = PBXCopyFilesBuildPhase;
			buildActionMask = 2147483647;
			dstPath = "";
			dstSubfolderSpec = 10;
			files = (
				79CD24FC2C269C2B00D48342 /* RealmSwift in Embed Frameworks */,
				7926847A2C25BD8000240A34 /* AlamofireDynamic in Embed Frameworks */,
			);
			name = "Embed Frameworks";
			runOnlyForDeploymentPostprocessing = 0;
		};
/* End PBXCopyFilesBuildPhase section */

/* Begin PBXFileReference section */
		790F05B22C234A8D00006A79 /* local.xcconfig */ = {isa = PBXFileReference; lastKnownFileType = text.xcconfig; path = local.xcconfig; sourceTree = "<group>"; };
		790F05B42C234EF300006A79 /* Info.plist */ = {isa = PBXFileReference; lastKnownFileType = text.plist; path = Info.plist; sourceTree = "<group>"; };
		795355BE2C21C2D5005F0679 /* NewsApplication.app */ = {isa = PBXFileReference; explicitFileType = wrapper.application; includeInIndex = 0; path = NewsApplication.app; sourceTree = BUILT_PRODUCTS_DIR; };
		795355C12C21C2D5005F0679 /* NewsApplication.swift */ = {isa = PBXFileReference; lastKnownFileType = sourcecode.swift; path = NewsApplication.swift; sourceTree = "<group>"; };
		795355C52C21C2D6005F0679 /* Assets.xcassets */ = {isa = PBXFileReference; lastKnownFileType = folder.assetcatalog; path = Assets.xcassets; sourceTree = "<group>"; };
		795355C82C21C2D6005F0679 /* Preview Assets.xcassets */ = {isa = PBXFileReference; lastKnownFileType = folder.assetcatalog; path = "Preview Assets.xcassets"; sourceTree = "<group>"; };
/* End PBXFileReference section */

/* Begin PBXFrameworksBuildPhase section */
		795355BB2C21C2D5005F0679 /* Frameworks */ = {
			isa = PBXFrameworksBuildPhase;
			buildActionMask = 2147483647;
			files = (
				79A3C9782C2556380088177A /* Kingfisher in Frameworks */,
				79A3C9752C2552D90088177A /* LibraryDomain-Model-Core in Frameworks */,
				79B340D82C21E39200A599C9 /* NewsView-Home in Frameworks */,
				79CD24FF2C26F8B400D48342 /* LibraryData-Cache-DatabaseNews in Frameworks */,
				795978132C22A3CB0025E573 /* LibraryData-Remote-News in Frameworks */,
				79A3C97A2C25579A0088177A /* LibraryData-News in Frameworks */,
				799911732C255EFB00C1924B /* LibraryData-News in Frameworks */,
				795978162C22AD5E0025E573 /* AlamofireDynamic in Frameworks */,
				79E16F482C24C16500F3FCC5 /* PagingLibrary in Frameworks */,
				79611E972C2498ED0005A355 /* NewsView-Core in Frameworks */,
				79CD24FB2C2688D900D48342 /* RealmSwift in Frameworks */,
				795978192C22ADE40025E573 /* LibraryData-Remote-Core in Frameworks */,
				799911702C255E8400C1924B /* LibraryData-News in Frameworks */,
				79B340DB2C21E49500A599C9 /* NewsPresenter-Home in Frameworks */,
				792D7D942C27048300DB09DC /* LibraryData-Cache-News in Frameworks */,
				7926847E2C25DC5C00240A34 /* LibraryData-Cache-Database in Frameworks */,
				798F70082C245AED00FCD9AA /* LibraryDomain-Model-News in Frameworks */,
				795978102C2299E70025E573 /* LibraryData-News in Frameworks */,
				79611E9A2C249CC80005A355 /* PagingLibrary in Frameworks */,
			);
			runOnlyForDeploymentPostprocessing = 0;
		};
/* End PBXFrameworksBuildPhase section */

/* Begin PBXGroup section */
		790F05AF2C2322C600006A79 /* Frameworks */ = {
			isa = PBXGroup;
			children = (
			);
			name = Frameworks;
			sourceTree = "<group>";
		};
		795355B52C21C2D5005F0679 = {
			isa = PBXGroup;
			children = (
				795355C02C21C2D5005F0679 /* NewsApplication */,
				795355BF2C21C2D5005F0679 /* Products */,
				790F05AF2C2322C600006A79 /* Frameworks */,
			);
			sourceTree = "<group>";
		};
		795355BF2C21C2D5005F0679 /* Products */ = {
			isa = PBXGroup;
			children = (
				795355BE2C21C2D5005F0679 /* NewsApplication.app */,
			);
			name = Products;
			sourceTree = "<group>";
		};
		795355C02C21C2D5005F0679 /* NewsApplication */ = {
			isa = PBXGroup;
			children = (
				790F05B42C234EF300006A79 /* Info.plist */,
				795355C12C21C2D5005F0679 /* NewsApplication.swift */,
				795355C52C21C2D6005F0679 /* Assets.xcassets */,
				795355C72C21C2D6005F0679 /* Preview Content */,
				790F05B22C234A8D00006A79 /* local.xcconfig */,
			);
			path = NewsApplication;
			sourceTree = "<group>";
		};
		795355C72C21C2D6005F0679 /* Preview Content */ = {
			isa = PBXGroup;
			children = (
				795355C82C21C2D6005F0679 /* Preview Assets.xcassets */,
			);
			path = "Preview Content";
			sourceTree = "<group>";
		};
/* End PBXGroup section */

/* Begin PBXNativeTarget section */
		795355BD2C21C2D5005F0679 /* NewsApplication */ = {
			isa = PBXNativeTarget;
			buildConfigurationList = 795355CC2C21C2D6005F0679 /* Build configuration list for PBXNativeTarget "NewsApplication" */;
			buildPhases = (
				795355BA2C21C2D5005F0679 /* Sources */,
				795355BB2C21C2D5005F0679 /* Frameworks */,
				795355BC2C21C2D5005F0679 /* Resources */,
				7926847B2C25BD8000240A34 /* Embed Frameworks */,
			);
			buildRules = (
			);
			dependencies = (
			);
			name = NewsApplication;
			packageProductDependencies = (
				79B340D72C21E39200A599C9 /* NewsView-Home */,
				79B340DA2C21E49500A599C9 /* NewsPresenter-Home */,
				7959780F2C2299E70025E573 /* LibraryData-News */,
				795978122C22A3CB0025E573 /* LibraryData-Remote-News */,
				795978152C22AD5E0025E573 /* AlamofireDynamic */,
				795978182C22ADE40025E573 /* LibraryData-Remote-Core */,
				798F70072C245AED00FCD9AA /* LibraryDomain-Model-News */,
				79611E962C2498ED0005A355 /* NewsView-Core */,
				79611E992C249CC80005A355 /* PagingLibrary */,
				79E16F472C24C16500F3FCC5 /* PagingLibrary */,
				79A3C9742C2552D90088177A /* LibraryDomain-Model-Core */,
				79A3C9772C2556380088177A /* Kingfisher */,
				79A3C9792C25579A0088177A /* LibraryData-News */,
				7999116F2C255E8400C1924B /* LibraryData-News */,
				799911722C255EFB00C1924B /* LibraryData-News */,
				7926847D2C25DC5C00240A34 /* LibraryData-Cache-Database */,
				79CD24FA2C2688D900D48342 /* RealmSwift */,
				79CD24FE2C26F8B400D48342 /* LibraryData-Cache-DatabaseNews */,
				792D7D932C27048300DB09DC /* LibraryData-Cache-News */,
			);
			productName = NewsApplication;
			productReference = 795355BE2C21C2D5005F0679 /* NewsApplication.app */;
			productType = "com.apple.product-type.application";
		};
/* End PBXNativeTarget section */

/* Begin PBXProject section */
		795355B62C21C2D5005F0679 /* Project object */ = {
			isa = PBXProject;
			attributes = {
				BuildIndependentTargetsInParallel = 1;
				LastSwiftUpdateCheck = 1520;
				LastUpgradeCheck = 1540;
				TargetAttributes = {
					795355BD2C21C2D5005F0679 = {
						CreatedOnToolsVersion = 15.2;
					};
				};
			};
			buildConfigurationList = 795355B92C21C2D5005F0679 /* Build configuration list for PBXProject "NewsApplication" */;
			compatibilityVersion = "Xcode 14.0";
			developmentRegion = en;
			hasScannedForEncodings = 0;
			knownRegions = (
				en,
				Base,
			);
			mainGroup = 795355B52C21C2D5005F0679;
			packageReferences = (
				795355DA2C21D486005F0679 /* XCRemoteSwiftPackageReference "SwiftLint" */,
				79B340D62C21E39200A599C9 /* XCLocalSwiftPackageReference "../NewsView/HomeView" */,
				79B340D92C21E49500A599C9 /* XCLocalSwiftPackageReference "../NewsPresenter/HomePresenter" */,
				795978112C22A3CB0025E573 /* XCLocalSwiftPackageReference "../LibraryData/Remote/DataRemoteNews" */,
				795978142C22AD5E0025E573 /* XCRemoteSwiftPackageReference "Alamofire" */,
				795978172C22ADE40025E573 /* XCLocalSwiftPackageReference "../LibraryData/Remote/DataRemoteCore" */,
				790F05AC2C230F9400006A79 /* XCLocalSwiftPackageReference "../LibraryDomain/Model/DomainModelCore" */,
				798F70062C245AED00FCD9AA /* XCLocalSwiftPackageReference "../LibraryDomain/Model/DomainModelNews" */,
				79611E952C2498ED0005A355 /* XCLocalSwiftPackageReference "../NewsView/ViewCore" */,
				79E16F462C24C16500F3FCC5 /* XCLocalSwiftPackageReference "../PagingLibrary" */,
				79A3C9762C2556380088177A /* XCRemoteSwiftPackageReference "Kingfisher" */,
				799911712C255EFB00C1924B /* XCLocalSwiftPackageReference "../LibraryData/DataNews" */,
				7926847C2C25DC5C00240A34 /* XCLocalSwiftPackageReference "../LibraryData/Cache/Database/DataCacheDatabase" */,
				79CD24F92C2688D900D48342 /* XCRemoteSwiftPackageReference "realm-swift" */,
				79CD24FD2C26F8B400D48342 /* XCLocalSwiftPackageReference "../LibraryData/Cache/Database/DataCacheDatabaseNews" */,
				792D7D922C27048300DB09DC /* XCLocalSwiftPackageReference "../LibraryData/Cache/DataCacheNews" */,
			);
			productRefGroup = 795355BF2C21C2D5005F0679 /* Products */;
			projectDirPath = "";
			projectRoot = "";
			targets = (
				795355BD2C21C2D5005F0679 /* NewsApplication */,
			);
		};
/* End PBXProject section */

/* Begin PBXResourcesBuildPhase section */
		795355BC2C21C2D5005F0679 /* Resources */ = {
			isa = PBXResourcesBuildPhase;
			buildActionMask = 2147483647;
			files = (
				795355C92C21C2D6005F0679 /* Preview Assets.xcassets in Resources */,
				795355C62C21C2D6005F0679 /* Assets.xcassets in Resources */,
			);
			runOnlyForDeploymentPostprocessing = 0;
		};
/* End PBXResourcesBuildPhase section */

/* Begin PBXSourcesBuildPhase section */
		795355BA2C21C2D5005F0679 /* Sources */ = {
			isa = PBXSourcesBuildPhase;
			buildActionMask = 2147483647;
			files = (
				795355C22C21C2D5005F0679 /* NewsApplication.swift in Sources */,
			);
			runOnlyForDeploymentPostprocessing = 0;
		};
/* End PBXSourcesBuildPhase section */

/* Begin XCBuildConfiguration section */
		795355CA2C21C2D6005F0679 /* Debug */ = {
			isa = XCBuildConfiguration;
			buildSettings = {
				ALWAYS_SEARCH_USER_PATHS = NO;
				ASSETCATALOG_COMPILER_GENERATE_SWIFT_ASSET_SYMBOL_EXTENSIONS = YES;
				CLANG_ANALYZER_NONNULL = YES;
				CLANG_ANALYZER_NUMBER_OBJECT_CONVERSION = YES_AGGRESSIVE;
				CLANG_CXX_LANGUAGE_STANDARD = "gnu++20";
				CLANG_ENABLE_MODULES = YES;
				CLANG_ENABLE_OBJC_ARC = YES;
				CLANG_ENABLE_OBJC_WEAK = YES;
				CLANG_WARN_BLOCK_CAPTURE_AUTORELEASING = YES;
				CLANG_WARN_BOOL_CONVERSION = YES;
				CLANG_WARN_COMMA = YES;
				CLANG_WARN_CONSTANT_CONVERSION = YES;
				CLANG_WARN_DEPRECATED_OBJC_IMPLEMENTATIONS = YES;
				CLANG_WARN_DIRECT_OBJC_ISA_USAGE = YES_ERROR;
				CLANG_WARN_DOCUMENTATION_COMMENTS = YES;
				CLANG_WARN_EMPTY_BODY = YES;
				CLANG_WARN_ENUM_CONVERSION = YES;
				CLANG_WARN_INFINITE_RECURSION = YES;
				CLANG_WARN_INT_CONVERSION = YES;
				CLANG_WARN_NON_LITERAL_NULL_CONVERSION = YES;
				CLANG_WARN_OBJC_IMPLICIT_RETAIN_SELF = YES;
				CLANG_WARN_OBJC_LITERAL_CONVERSION = YES;
				CLANG_WARN_OBJC_ROOT_CLASS = YES_ERROR;
				CLANG_WARN_QUOTED_INCLUDE_IN_FRAMEWORK_HEADER = YES;
				CLANG_WARN_RANGE_LOOP_ANALYSIS = YES;
				CLANG_WARN_STRICT_PROTOTYPES = YES;
				CLANG_WARN_SUSPICIOUS_MOVE = YES;
				CLANG_WARN_UNGUARDED_AVAILABILITY = YES_AGGRESSIVE;
				CLANG_WARN_UNREACHABLE_CODE = YES;
				CLANG_WARN__DUPLICATE_METHOD_MATCH = YES;
				COPY_PHASE_STRIP = NO;
				DEBUG_INFORMATION_FORMAT = dwarf;
				ENABLE_STRICT_OBJC_MSGSEND = YES;
				ENABLE_TESTABILITY = YES;
				ENABLE_USER_SCRIPT_SANDBOXING = YES;
				GCC_C_LANGUAGE_STANDARD = gnu17;
				GCC_DYNAMIC_NO_PIC = NO;
				GCC_NO_COMMON_BLOCKS = YES;
				GCC_OPTIMIZATION_LEVEL = 0;
				GCC_PREPROCESSOR_DEFINITIONS = (
					"DEBUG=1",
					"$(inherited)",
				);
				GCC_WARN_64_TO_32_BIT_CONVERSION = YES;
				GCC_WARN_ABOUT_RETURN_TYPE = YES_ERROR;
				GCC_WARN_UNDECLARED_SELECTOR = YES;
				GCC_WARN_UNINITIALIZED_AUTOS = YES_AGGRESSIVE;
				GCC_WARN_UNUSED_FUNCTION = YES;
				GCC_WARN_UNUSED_VARIABLE = YES;
				IPHONEOS_DEPLOYMENT_TARGET = 16.0;
				LOCALIZATION_PREFERS_STRING_CATALOGS = YES;
				MTL_ENABLE_DEBUG_INFO = INCLUDE_SOURCE;
				MTL_FAST_MATH = YES;
				ONLY_ACTIVE_ARCH = YES;
				SDKROOT = iphoneos;
				SWIFT_ACTIVE_COMPILATION_CONDITIONS = "DEBUG $(inherited)";
				SWIFT_OPTIMIZATION_LEVEL = "-Onone";
			};
			name = Debug;
		};
		795355CB2C21C2D6005F0679 /* Release */ = {
			isa = XCBuildConfiguration;
			buildSettings = {
				ALWAYS_SEARCH_USER_PATHS = NO;
				ASSETCATALOG_COMPILER_GENERATE_SWIFT_ASSET_SYMBOL_EXTENSIONS = YES;
				CLANG_ANALYZER_NONNULL = YES;
				CLANG_ANALYZER_NUMBER_OBJECT_CONVERSION = YES_AGGRESSIVE;
				CLANG_CXX_LANGUAGE_STANDARD = "gnu++20";
				CLANG_ENABLE_MODULES = YES;
				CLANG_ENABLE_OBJC_ARC = YES;
				CLANG_ENABLE_OBJC_WEAK = YES;
				CLANG_WARN_BLOCK_CAPTURE_AUTORELEASING = YES;
				CLANG_WARN_BOOL_CONVERSION = YES;
				CLANG_WARN_COMMA = YES;
				CLANG_WARN_CONSTANT_CONVERSION = YES;
				CLANG_WARN_DEPRECATED_OBJC_IMPLEMENTATIONS = YES;
				CLANG_WARN_DIRECT_OBJC_ISA_USAGE = YES_ERROR;
				CLANG_WARN_DOCUMENTATION_COMMENTS = YES;
				CLANG_WARN_EMPTY_BODY = YES;
				CLANG_WARN_ENUM_CONVERSION = YES;
				CLANG_WARN_INFINITE_RECURSION = YES;
				CLANG_WARN_INT_CONVERSION = YES;
				CLANG_WARN_NON_LITERAL_NULL_CONVERSION = YES;
				CLANG_WARN_OBJC_IMPLICIT_RETAIN_SELF = YES;
				CLANG_WARN_OBJC_LITERAL_CONVERSION = YES;
				CLANG_WARN_OBJC_ROOT_CLASS = YES_ERROR;
				CLANG_WARN_QUOTED_INCLUDE_IN_FRAMEWORK_HEADER = YES;
				CLANG_WARN_RANGE_LOOP_ANALYSIS = YES;
				CLANG_WARN_STRICT_PROTOTYPES = YES;
				CLANG_WARN_SUSPICIOUS_MOVE = YES;
				CLANG_WARN_UNGUARDED_AVAILABILITY = YES_AGGRESSIVE;
				CLANG_WARN_UNREACHABLE_CODE = YES;
				CLANG_WARN__DUPLICATE_METHOD_MATCH = YES;
				COPY_PHASE_STRIP = NO;
				DEBUG_INFORMATION_FORMAT = "dwarf-with-dsym";
				ENABLE_NS_ASSERTIONS = NO;
				ENABLE_STRICT_OBJC_MSGSEND = YES;
				ENABLE_USER_SCRIPT_SANDBOXING = YES;
				GCC_C_LANGUAGE_STANDARD = gnu17;
				GCC_NO_COMMON_BLOCKS = YES;
				GCC_WARN_64_TO_32_BIT_CONVERSION = YES;
				GCC_WARN_ABOUT_RETURN_TYPE = YES_ERROR;
				GCC_WARN_UNDECLARED_SELECTOR = YES;
				GCC_WARN_UNINITIALIZED_AUTOS = YES_AGGRESSIVE;
				GCC_WARN_UNUSED_FUNCTION = YES;
				GCC_WARN_UNUSED_VARIABLE = YES;
				IPHONEOS_DEPLOYMENT_TARGET = 16.0;
				LOCALIZATION_PREFERS_STRING_CATALOGS = YES;
				MTL_ENABLE_DEBUG_INFO = NO;
				MTL_FAST_MATH = YES;
				SDKROOT = iphoneos;
				SWIFT_COMPILATION_MODE = wholemodule;
				VALIDATE_PRODUCT = YES;
			};
			name = Release;
		};
		795355CD2C21C2D6005F0679 /* Debug */ = {
			isa = XCBuildConfiguration;
			baseConfigurationReference = 790F05B22C234A8D00006A79 /* local.xcconfig */;
			buildSettings = {
				ASSETCATALOG_COMPILER_APPICON_NAME = AppIcon;
				ASSETCATALOG_COMPILER_GLOBAL_ACCENT_COLOR_NAME = AccentColor;
				CODE_SIGN_STYLE = Automatic;
				CURRENT_PROJECT_VERSION = 1;
				DEVELOPMENT_ASSET_PATHS = "\"NewsApplication/Preview Content\"";
				DEVELOPMENT_TEAM = WQH65M25YH;
				ENABLE_PREVIEWS = YES;
				GENERATE_INFOPLIST_FILE = YES;
				INFOPLIST_FILE = NewsApplication/Info.plist;
				INFOPLIST_KEY_CFBundleDisplayName = News;
				INFOPLIST_KEY_LSApplicationCategoryType = "public.app-category.news";
				INFOPLIST_KEY_UIApplicationSceneManifest_Generation = YES;
				INFOPLIST_KEY_UIApplicationSupportsIndirectInputEvents = YES;
				INFOPLIST_KEY_UILaunchScreen_Generation = YES;
				INFOPLIST_KEY_UISupportedInterfaceOrientations_iPad = "UIInterfaceOrientationPortrait UIInterfaceOrientationPortraitUpsideDown UIInterfaceOrientationLandscapeLeft UIInterfaceOrientationLandscapeRight";
				INFOPLIST_KEY_UISupportedInterfaceOrientations_iPhone = "UIInterfaceOrientationPortrait UIInterfaceOrientationLandscapeLeft UIInterfaceOrientationLandscapeRight";
				IPHONEOS_DEPLOYMENT_TARGET = 15.0;
				LD_RUNPATH_SEARCH_PATHS = (
					"$(inherited)",
					"@executable_path/Frameworks",
				);
				MARKETING_VERSION = 1.0.0;
				PRODUCT_BUNDLE_IDENTIFIER = pe.richard.news;
				PRODUCT_NAME = "$(TARGET_NAME)";
				SUPPORTED_PLATFORMS = "iphoneos iphonesimulator";
				SUPPORTS_MACCATALYST = NO;
				SUPPORTS_MAC_DESIGNED_FOR_IPHONE_IPAD = NO;
				SUPPORTS_XR_DESIGNED_FOR_IPHONE_IPAD = NO;
				SWIFT_EMIT_LOC_STRINGS = YES;
				SWIFT_VERSION = 5.0;
				TARGETED_DEVICE_FAMILY = "1,2";
			};
			name = Debug;
		};
		795355CE2C21C2D6005F0679 /* Release */ = {
			isa = XCBuildConfiguration;
			baseConfigurationReference = 790F05B22C234A8D00006A79 /* local.xcconfig */;
			buildSettings = {
				ASSETCATALOG_COMPILER_APPICON_NAME = AppIcon;
				ASSETCATALOG_COMPILER_GLOBAL_ACCENT_COLOR_NAME = AccentColor;
				CODE_SIGN_STYLE = Automatic;
				CURRENT_PROJECT_VERSION = 1;
				DEVELOPMENT_ASSET_PATHS = "\"NewsApplication/Preview Content\"";
				DEVELOPMENT_TEAM = WQH65M25YH;
				ENABLE_PREVIEWS = YES;
				GENERATE_INFOPLIST_FILE = YES;
				INFOPLIST_FILE = NewsApplication/Info.plist;
				INFOPLIST_KEY_CFBundleDisplayName = News;
				INFOPLIST_KEY_LSApplicationCategoryType = "public.app-category.news";
				INFOPLIST_KEY_UIApplicationSceneManifest_Generation = YES;
				INFOPLIST_KEY_UIApplicationSupportsIndirectInputEvents = YES;
				INFOPLIST_KEY_UILaunchScreen_Generation = YES;
				INFOPLIST_KEY_UISupportedInterfaceOrientations_iPad = "UIInterfaceOrientationPortrait UIInterfaceOrientationPortraitUpsideDown UIInterfaceOrientationLandscapeLeft UIInterfaceOrientationLandscapeRight";
				INFOPLIST_KEY_UISupportedInterfaceOrientations_iPhone = "UIInterfaceOrientationPortrait UIInterfaceOrientationLandscapeLeft UIInterfaceOrientationLandscapeRight";
				IPHONEOS_DEPLOYMENT_TARGET = 15.0;
				LD_RUNPATH_SEARCH_PATHS = (
					"$(inherited)",
					"@executable_path/Frameworks",
				);
				MARKETING_VERSION = 1.0.0;
				PRODUCT_BUNDLE_IDENTIFIER = pe.richard.news;
				PRODUCT_NAME = "$(TARGET_NAME)";
				SUPPORTED_PLATFORMS = "iphoneos iphonesimulator";
				SUPPORTS_MACCATALYST = NO;
				SUPPORTS_MAC_DESIGNED_FOR_IPHONE_IPAD = NO;
				SUPPORTS_XR_DESIGNED_FOR_IPHONE_IPAD = NO;
				SWIFT_EMIT_LOC_STRINGS = YES;
				SWIFT_VERSION = 5.0;
				TARGETED_DEVICE_FAMILY = "1,2";
			};
			name = Release;
		};
/* End XCBuildConfiguration section */

/* Begin XCConfigurationList section */
		795355B92C21C2D5005F0679 /* Build configuration list for PBXProject "NewsApplication" */ = {
			isa = XCConfigurationList;
			buildConfigurations = (
				795355CA2C21C2D6005F0679 /* Debug */,
				795355CB2C21C2D6005F0679 /* Release */,
			);
			defaultConfigurationIsVisible = 0;
			defaultConfigurationName = Release;
		};
		795355CC2C21C2D6005F0679 /* Build configuration list for PBXNativeTarget "NewsApplication" */ = {
			isa = XCConfigurationList;
			buildConfigurations = (
				795355CD2C21C2D6005F0679 /* Debug */,
				795355CE2C21C2D6005F0679 /* Release */,
			);
			defaultConfigurationIsVisible = 0;
			defaultConfigurationName = Release;
		};
/* End XCConfigurationList section */

/* Begin XCLocalSwiftPackageReference section */
		790F05AC2C230F9400006A79 /* XCLocalSwiftPackageReference "../LibraryDomain/Model/DomainModelCore" */ = {
			isa = XCLocalSwiftPackageReference;
			relativePath = ../LibraryDomain/Model/DomainModelCore;
		};
		7926847C2C25DC5C00240A34 /* XCLocalSwiftPackageReference "../LibraryData/Cache/Database/DataCacheDatabase" */ = {
			isa = XCLocalSwiftPackageReference;
			relativePath = ../LibraryData/Cache/Database/DataCacheDatabase;
		};
		792D7D922C27048300DB09DC /* XCLocalSwiftPackageReference "../LibraryData/Cache/DataCacheNews" */ = {
			isa = XCLocalSwiftPackageReference;
			relativePath = ../LibraryData/Cache/DataCacheNews;
		};
		795978112C22A3CB0025E573 /* XCLocalSwiftPackageReference "../LibraryData/Remote/DataRemoteNews" */ = {
			isa = XCLocalSwiftPackageReference;
			relativePath = ../LibraryData/Remote/DataRemoteNews;
		};
		795978172C22ADE40025E573 /* XCLocalSwiftPackageReference "../LibraryData/Remote/DataRemoteCore" */ = {
			isa = XCLocalSwiftPackageReference;
			relativePath = ../LibraryData/Remote/DataRemoteCore;
		};
		79611E952C2498ED0005A355 /* XCLocalSwiftPackageReference "../NewsView/ViewCore" */ = {
			isa = XCLocalSwiftPackageReference;
			relativePath = ../NewsView/ViewCore;
		};
		798F70062C245AED00FCD9AA /* XCLocalSwiftPackageReference "../LibraryDomain/Model/DomainModelNews" */ = {
			isa = XCLocalSwiftPackageReference;
			relativePath = ../LibraryDomain/Model/DomainModelNews;
		};
		799911712C255EFB00C1924B /* XCLocalSwiftPackageReference "../LibraryData/DataNews" */ = {
			isa = XCLocalSwiftPackageReference;
			relativePath = ../LibraryData/DataNews;
		};
		79B340D62C21E39200A599C9 /* XCLocalSwiftPackageReference "../NewsView/HomeView" */ = {
			isa = XCLocalSwiftPackageReference;
			relativePath = ../NewsView/HomeView;
		};
		79B340D92C21E49500A599C9 /* XCLocalSwiftPackageReference "../NewsPresenter/HomePresenter" */ = {
			isa = XCLocalSwiftPackageReference;
			relativePath = ../NewsPresenter/HomePresenter;
		};
		79CD24FD2C26F8B400D48342 /* XCLocalSwiftPackageReference "../LibraryData/Cache/Database/DataCacheDatabaseNews" */ = {
			isa = XCLocalSwiftPackageReference;
			relativePath = ../LibraryData/Cache/Database/DataCacheDatabaseNews;
		};
		79E16F462C24C16500F3FCC5 /* XCLocalSwiftPackageReference "../PagingLibrary" */ = {
			isa = XCLocalSwiftPackageReference;
			relativePath = ../PagingLibrary;
		};
/* End XCLocalSwiftPackageReference section */

/* Begin XCRemoteSwiftPackageReference section */
		795355DA2C21D486005F0679 /* XCRemoteSwiftPackageReference "SwiftLint" */ = {
			isa = XCRemoteSwiftPackageReference;
			repositoryURL = "https://github.com/realm/SwiftLint.git";
			requirement = {
				kind = upToNextMajorVersion;
				minimumVersion = 0.55.1;
			};
		};
		795978142C22AD5E0025E573 /* XCRemoteSwiftPackageReference "Alamofire" */ = {
			isa = XCRemoteSwiftPackageReference;
			repositoryURL = "https://github.com/Alamofire/Alamofire.git";
			requirement = {
				kind = upToNextMajorVersion;
				minimumVersion = 5.9.1;
			};
		};
		79A3C9762C2556380088177A /* XCRemoteSwiftPackageReference "Kingfisher" */ = {
			isa = XCRemoteSwiftPackageReference;
			repositoryURL = "https://github.com/onevcat/Kingfisher";
			requirement = {
				kind = upToNextMajorVersion;
				minimumVersion = 7.12.0;
			};
		};
		79CD24F92C2688D900D48342 /* XCRemoteSwiftPackageReference "realm-swift" */ = {
			isa = XCRemoteSwiftPackageReference;
			repositoryURL = "https://github.com/realm/realm-swift.git";
			requirement = {
				kind = upToNextMajorVersion;
				minimumVersion = 10.52.0;
			};
		};
/* End XCRemoteSwiftPackageReference section */

/* Begin XCSwiftPackageProductDependency section */
		7926847D2C25DC5C00240A34 /* LibraryData-Cache-Database */ = {
			isa = XCSwiftPackageProductDependency;
			productName = "LibraryData-Cache-Database";
		};
		792D7D932C27048300DB09DC /* LibraryData-Cache-News */ = {
			isa = XCSwiftPackageProductDependency;
			productName = "LibraryData-Cache-News";
		};
		7959780F2C2299E70025E573 /* LibraryData-News */ = {
			isa = XCSwiftPackageProductDependency;
			productName = "LibraryData-News";
		};
		795978122C22A3CB0025E573 /* LibraryData-Remote-News */ = {
			isa = XCSwiftPackageProductDependency;
			productName = "LibraryData-Remote-News";
		};
		795978152C22AD5E0025E573 /* AlamofireDynamic */ = {
			isa = XCSwiftPackageProductDependency;
			package = 795978142C22AD5E0025E573 /* XCRemoteSwiftPackageReference "Alamofire" */;
			productName = AlamofireDynamic;
		};
		795978182C22ADE40025E573 /* LibraryData-Remote-Core */ = {
			isa = XCSwiftPackageProductDependency;
			productName = "LibraryData-Remote-Core";
		};
		79611E962C2498ED0005A355 /* NewsView-Core */ = {
			isa = XCSwiftPackageProductDependency;
			productName = "NewsView-Core";
		};
		79611E992C249CC80005A355 /* PagingLibrary */ = {
			isa = XCSwiftPackageProductDependency;
			productName = PagingLibrary;
		};
		798F70072C245AED00FCD9AA /* LibraryDomain-Model-News */ = {
			isa = XCSwiftPackageProductDependency;
			productName = "LibraryDomain-Model-News";
		};
		7999116F2C255E8400C1924B /* LibraryData-News */ = {
			isa = XCSwiftPackageProductDependency;
			productName = "LibraryData-News";
		};
		799911722C255EFB00C1924B /* LibraryData-News */ = {
			isa = XCSwiftPackageProductDependency;
			productName = "LibraryData-News";
		};
		79A3C9742C2552D90088177A /* LibraryDomain-Model-Core */ = {
			isa = XCSwiftPackageProductDependency;
			productName = "LibraryDomain-Model-Core";
		};
		79A3C9772C2556380088177A /* Kingfisher */ = {
			isa = XCSwiftPackageProductDependency;
			package = 79A3C9762C2556380088177A /* XCRemoteSwiftPackageReference "Kingfisher" */;
			productName = Kingfisher;
		};
		79A3C9792C25579A0088177A /* LibraryData-News */ = {
			isa = XCSwiftPackageProductDependency;
			productName = "LibraryData-News";
		};
		79B340D72C21E39200A599C9 /* NewsView-Home */ = {
			isa = XCSwiftPackageProductDependency;
			productName = "NewsView-Home";
		};
		79B340DA2C21E49500A599C9 /* NewsPresenter-Home */ = {
			isa = XCSwiftPackageProductDependency;
			productName = "NewsPresenter-Home";
		};
		79CD24FA2C2688D900D48342 /* RealmSwift */ = {
			isa = XCSwiftPackageProductDependency;
			package = 79CD24F92C2688D900D48342 /* XCRemoteSwiftPackageReference "realm-swift" */;
			productName = RealmSwift;
		};
		79CD24FE2C26F8B400D48342 /* LibraryData-Cache-DatabaseNews */ = {
			isa = XCSwiftPackageProductDependency;
			productName = "LibraryData-Cache-DatabaseNews";
		};
		79E16F472C24C16500F3FCC5 /* PagingLibrary */ = {
			isa = XCSwiftPackageProductDependency;
			productName = PagingLibrary;
		};
/* End XCSwiftPackageProductDependency section */
	};
	rootObject = 795355B62C21C2D5005F0679 /* Project object */;
}
